
Microsoft Visual Studio Solution File, Format Version 10.00
# Visual C# Express 2008
Project("{FAE04EC0-301F-11D3-BF4B-00C04F79EFBC}") = "recentlyList", "recentlyList\recentlyList.csproj", "{4A5A06FC-0508-4B9C-BF4B-1F96E4B599B3}"
EndProject
Global
	GlobalSection(SolutionConfigurationPlatforms) = preSolution
		Debug|Any CPU = Debug|Any CPU
		Release|Any CPU = Release|Any CPU
	EndGlobalSection
	GlobalSection(ProjectConfigurationPlatforms) = postSolution
		{4A5A06FC-0508-4B9C-BF4B-1F96E4B599B3}.Debug|Any CPU.ActiveCfg = Debug|Any CPU
		{4A5A06FC-0508-4B9C-BF4B-1F96E4B599B3}.Debug|Any CPU.Build.0 = Debug|Any CPU
		{4A5A06FC-0508-4B9C-BF4B-1F96E4B599B3}.Release|Any CPU.ActiveCfg = Release|Any CPU
		{4A5A06FC-0508-4B9C-BF4B-1F96E4B599B3}.Release|Any CPU.Build.0 = Release|Any CPU
	EndGlobalSection
	GlobalSection(SolutionProperties) = preSolution
		HideSolutionNode = FALSE
	EndGlobalSection
EndGlobal
